
Microsoft Visual Studio Solution File, Format Version 12.00
# Visual Studio Version 17
VisualStudioVersion = 17.6.33829.357
MinimumVisualStudioVersion = 10.0.40219.1
Project("{9A19103F-16F7-4668-BE54-9A1E7A4F7556}") = "NZWalks.API", "NZWalks.API\NZWalks.API.csproj", "{14DB8154-34B7-449A-921D-5B3853D9C449}"
EndProject
Global
	GlobalSection(SolutionConfigurationPlatforms) = preSolution
		Debug|Any CPU = Debug|Any CPU
		Release|Any CPU = Release|Any CPU
	EndGlobalSection
	GlobalSection(ProjectConfigurationPlatforms) = postSolution
		{14DB8154-34B7-449A-921D-5B3853D9C449}.Debug|Any CPU.ActiveCfg = Debug|Any CPU
		{14DB8154-34B7-449A-921D-5B3853D9C449}.Debug|Any CPU.Build.0 = Debug|Any CPU
		{14DB8154-34B7-449A-921D-5B3853D9C449}.Release|Any CPU.ActiveCfg = Release|Any CPU
		{14DB8154-34B7-449A-921D-5B3853D9C449}.Release|Any CPU.Build.0 = Release|Any CPU
	EndGlobalSection
	GlobalSection(SolutionProperties) = preSolution
		HideSolutionNode = FALSE
	EndGlobalSection
	GlobalSection(ExtensibilityGlobals) = postSolution
		SolutionGuid = {E5B8CF6E-2602-409D-8E2E-55C363122909}
	EndGlobalSection
EndGlobal
